// !$*UTF8*$!
{
	archiveVersion = 1;
	classes = {
	};
	objectVersion = 56;
	objects = {

/* Begin PBXBuildFile section */
		3E1039B02ACD60A9000DB00E /* BComX_1_Example_ProjectApp.swift in Sources */ = {isa = PBXBuildFile; fileRef = 3E1039AF2ACD60A9000DB00E /* BComX_1_Example_ProjectApp.swift */; };
		3E1039B22ACD60A9000DB00E /* ContentView.swift in Sources */ = {isa = PBXBuildFile; fileRef = 3E1039B12ACD60A9000DB00E /* ContentView.swift */; };
		3E1039B42ACD60AB000DB00E /* Assets.xcassets in Resources */ = {isa = PBXBuildFile; fileRef = 3E1039B32ACD60AB000DB00E /* Assets.xcassets */; };
		3E1039B72ACD60AB000DB00E /* Preview Assets.xcassets in Resources */ = {isa = PBXBuildFile; fileRef = 3E1039B62ACD60AB000DB00E /* Preview Assets.xcassets */; };
		3E1039C12ACD6115000DB00E /* User.swift in Sources */ = {isa = PBXBuildFile; fileRef = 3E1039C02ACD6115000DB00E /* User.swift */; };
		3E1039C32ACD6135000DB00E /* UserViewModel.swift in Sources */ = {isa = PBXBuildFile; fileRef = 3E1039C22ACD6135000DB00E /* UserViewModel.swift */; };
		3E1039C72ACD6855000DB00E /* SubjectView.swift in Sources */ = {isa = PBXBuildFile; fileRef = 3E1039C62ACD6855000DB00E /* SubjectView.swift */; };
		3E12FA1A2AD029E9006E3404 /* Todo.swift in Sources */ = {isa = PBXBuildFile; fileRef = 3E12FA192AD029E9006E3404 /* Todo.swift */; };
		3E12FA1C2AD02A18006E3404 /* TodoViewModel.swift in Sources */ = {isa = PBXBuildFile; fileRef = 3E12FA1B2AD02A18006E3404 /* TodoViewModel.swift */; };
		3E12FA1E2AD02B43006E3404 /* TodoListView.swift in Sources */ = {isa = PBXBuildFile; fileRef = 3E12FA1D2AD02B43006E3404 /* TodoListView.swift */; };
		3E12FA202AD03176006E3404 /* AddNewTodoView.swift in Sources */ = {isa = PBXBuildFile; fileRef = 3E12FA1F2AD03176006E3404 /* AddNewTodoView.swift */; };
		3E12FA232AD050DA006E3404 /* TodoError.swift in Sources */ = {isa = PBXBuildFile; fileRef = 3E12FA222AD050DA006E3404 /* TodoError.swift */; };
		3E12FA252AD0613A006E3404 /* TodoView.swift in Sources */ = {isa = PBXBuildFile; fileRef = 3E12FA242AD0613A006E3404 /* TodoView.swift */; };
		3E12FA272AD07A63006E3404 /* SharingObjectDataExampleView.swift in Sources */ = {isa = PBXBuildFile; fileRef = 3E12FA262AD07A63006E3404 /* SharingObjectDataExampleView.swift */; };
		3E3D91E82ACD6F7000B08707 /* GenerateJokeView.swift in Sources */ = {isa = PBXBuildFile; fileRef = 3E3D91E72ACD6F7000B08707 /* GenerateJokeView.swift */; };
		3E3D91EB2ACD6FC400B08707 /* JokeManager.swift in Sources */ = {isa = PBXBuildFile; fileRef = 3E3D91EA2ACD6FC400B08707 /* JokeManager.swift */; };
		3E3D91ED2ACD718C00B08707 /* Joke.swift in Sources */ = {isa = PBXBuildFile; fileRef = 3E3D91EC2ACD718C00B08707 /* Joke.swift */; };
/* End PBXBuildFile section */

/* Begin PBXFileReference section */
		3E1039AC2ACD60A9000DB00E /* BComX-1 Example Project.app */ = {isa = PBXFileReference; explicitFileType = wrapper.application; includeInIndex = 0; path = "BComX-1 Example Project.app"; sourceTree = BUILT_PRODUCTS_DIR; };
		3E1039AF2ACD60A9000DB00E /* BComX_1_Example_ProjectApp.swift */ = {isa = PBXFileReference; lastKnownFileType = sourcecode.swift; path = BComX_1_Example_ProjectApp.swift; sourceTree = "<group>"; };
		3E1039B12ACD60A9000DB00E /* ContentView.swift */ = {isa = PBXFileReference; lastKnownFileType = sourcecode.swift; path = ContentView.swift; sourceTree = "<group>"; };
		3E1039B32ACD60AB000DB00E /* Assets.xcassets */ = {isa = PBXFileReference; lastKnownFileType = folder.assetcatalog; path = Assets.xcassets; sourceTree = "<group>"; };
		3E1039B62ACD60AB000DB00E /* Preview Assets.xcassets */ = {isa = PBXFileReference; lastKnownFileType = folder.assetcatalog; path = "Preview Assets.xcassets"; sourceTree = "<group>"; };
		3E1039C02ACD6115000DB00E /* User.swift */ = {isa = PBXFileReference; lastKnownFileType = sourcecode.swift; path = User.swift; sourceTree = "<group>"; };
		3E1039C22ACD6135000DB00E /* UserViewModel.swift */ = {isa = PBXFileReference; lastKnownFileType = sourcecode.swift; path = UserViewModel.swift; sourceTree = "<group>"; };
		3E1039C62ACD6855000DB00E /* SubjectView.swift */ = {isa = PBXFileReference; lastKnownFileType = sourcecode.swift; path = SubjectView.swift; sourceTree = "<group>"; };
		3E12FA192AD029E9006E3404 /* Todo.swift */ = {isa = PBXFileReference; lastKnownFileType = sourcecode.swift; path = Todo.swift; sourceTree = "<group>"; };
		3E12FA1B2AD02A18006E3404 /* TodoViewModel.swift */ = {isa = PBXFileReference; lastKnownFileType = sourcecode.swift; path = TodoViewModel.swift; sourceTree = "<group>"; };
		3E12FA1D2AD02B43006E3404 /* TodoListView.swift */ = {isa = PBXFileReference; lastKnownFileType = sourcecode.swift; path = TodoListView.swift; sourceTree = "<group>"; };
		3E12FA1F2AD03176006E3404 /* AddNewTodoView.swift */ = {isa = PBXFileReference; lastKnownFileType = sourcecode.swift; path = AddNewTodoView.swift; sourceTree = "<group>"; };
		3E12FA222AD050DA006E3404 /* TodoError.swift */ = {isa = PBXFileReference; lastKnownFileType = sourcecode.swift; path = TodoError.swift; sourceTree = "<group>"; };
		3E12FA242AD0613A006E3404 /* TodoView.swift */ = {isa = PBXFileReference; lastKnownFileType = sourcecode.swift; path = TodoView.swift; sourceTree = "<group>"; };
		3E12FA262AD07A63006E3404 /* SharingObjectDataExampleView.swift */ = {isa = PBXFileReference; lastKnownFileType = sourcecode.swift; path = SharingObjectDataExampleView.swift; sourceTree = "<group>"; };
		3E3D91E72ACD6F7000B08707 /* GenerateJokeView.swift */ = {isa = PBXFileReference; lastKnownFileType = sourcecode.swift; path = GenerateJokeView.swift; sourceTree = "<group>"; };
		3E3D91EA2ACD6FC400B08707 /* JokeManager.swift */ = {isa = PBXFileReference; lastKnownFileType = sourcecode.swift; path = JokeManager.swift; sourceTree = "<group>"; };
		3E3D91EC2ACD718C00B08707 /* Joke.swift */ = {isa = PBXFileReference; lastKnownFileType = sourcecode.swift; path = Joke.swift; sourceTree = "<group>"; };
/* End PBXFileReference section */

/* Begin PBXFrameworksBuildPhase section */
		3E1039A92ACD60A9000DB00E /* Frameworks */ = {
			isa = PBXFrameworksBuildPhase;
			buildActionMask = 2147483647;
			files = (
			);
			runOnlyForDeploymentPostprocessing = 0;
		};
/* End PBXFrameworksBuildPhase section */

/* Begin PBXGroup section */
		3E1039A32ACD60A9000DB00E = {
			isa = PBXGroup;
			children = (
				3E1039AE2ACD60A9000DB00E /* BComX-1 Example Project */,
				3E1039AD2ACD60A9000DB00E /* Products */,
			);
			sourceTree = "<group>";
		};
		3E1039AD2ACD60A9000DB00E /* Products */ = {
			isa = PBXGroup;
			children = (
				3E1039AC2ACD60A9000DB00E /* BComX-1 Example Project.app */,
			);
			name = Products;
			sourceTree = "<group>";
		};
		3E1039AE2ACD60A9000DB00E /* BComX-1 Example Project */ = {
			isa = PBXGroup;
			children = (
				3E3D91E92ACD6FB600B08707 /* Managers */,
				3E1039BD2ACD60E9000DB00E /* Models */,
				3E1039BF2ACD60F7000DB00E /* ViewModels */,
				3E1039BE2ACD60EF000DB00E /* Views */,
				3E1039AF2ACD60A9000DB00E /* BComX_1_Example_ProjectApp.swift */,
				3E1039B32ACD60AB000DB00E /* Assets.xcassets */,
				3E1039B52ACD60AB000DB00E /* Preview Content */,
			);
			path = "BComX-1 Example Project";
			sourceTree = "<group>";
		};
		3E1039B52ACD60AB000DB00E /* Preview Content */ = {
			isa = PBXGroup;
			children = (
				3E1039B62ACD60AB000DB00E /* Preview Assets.xcassets */,
			);
			path = "Preview Content";
			sourceTree = "<group>";
		};
		3E1039BD2ACD60E9000DB00E /* Models */ = {
			isa = PBXGroup;
			children = (
				3E1039C02ACD6115000DB00E /* User.swift */,
				3E3D91EC2ACD718C00B08707 /* Joke.swift */,
				3E12FA192AD029E9006E3404 /* Todo.swift */,
			);
			path = Models;
			sourceTree = "<group>";
		};
		3E1039BE2ACD60EF000DB00E /* Views */ = {
			isa = PBXGroup;
			children = (
				3E12FA292AD07BE2006E3404 /* JokeAPI */,
				3E12FA282AD07BC0006E3404 /* SharingObjects */,
				3E12FA212AD050C6006E3404 /* TodoList */,
				3E1039B12ACD60A9000DB00E /* ContentView.swift */,
			);
			path = Views;
			sourceTree = "<group>";
		};
		3E1039BF2ACD60F7000DB00E /* ViewModels */ = {
			isa = PBXGroup;
			children = (
				3E1039C22ACD6135000DB00E /* UserViewModel.swift */,
				3E12FA1B2AD02A18006E3404 /* TodoViewModel.swift */,
			);
			path = ViewModels;
			sourceTree = "<group>";
		};
		3E12FA212AD050C6006E3404 /* TodoList */ = {
			isa = PBXGroup;
			children = (
				3E12FA1D2AD02B43006E3404 /* TodoListView.swift */,
				3E12FA1F2AD03176006E3404 /* AddNewTodoView.swift */,
				3E12FA222AD050DA006E3404 /* TodoError.swift */,
				3E12FA242AD0613A006E3404 /* TodoView.swift */,
			);
			path = TodoList;
			sourceTree = "<group>";
		};
		3E12FA282AD07BC0006E3404 /* SharingObjects */ = {
			isa = PBXGroup;
			children = (
				3E1039C62ACD6855000DB00E /* SubjectView.swift */,
				3E12FA262AD07A63006E3404 /* SharingObjectDataExampleView.swift */,
			);
			path = SharingObjects;
			sourceTree = "<group>";
		};
		3E12FA292AD07BE2006E3404 /* JokeAPI */ = {
			isa = PBXGroup;
			children = (
				3E3D91E72ACD6F7000B08707 /* GenerateJokeView.swift */,
			);
			path = JokeAPI;
			sourceTree = "<group>";
		};
		3E3D91E92ACD6FB600B08707 /* Managers */ = {
			isa = PBXGroup;
			children = (
				3E3D91EA2ACD6FC400B08707 /* JokeManager.swift */,
			);
			path = Managers;
			sourceTree = "<group>";
		};
/* End PBXGroup section */

/* Begin PBXNativeTarget section */
		3E1039AB2ACD60A9000DB00E /* BComX-1 Example Project */ = {
			isa = PBXNativeTarget;
			buildConfigurationList = 3E1039BA2ACD60AB000DB00E /* Build configuration list for PBXNativeTarget "BComX-1 Example Project" */;
			buildPhases = (
				3E1039A82ACD60A9000DB00E /* Sources */,
				3E1039A92ACD60A9000DB00E /* Frameworks */,
				3E1039AA2ACD60A9000DB00E /* Resources */,
			);
			buildRules = (
			);
			dependencies = (
			);
			name = "BComX-1 Example Project";
			productName = "BComX-1 Example Project";
			productReference = 3E1039AC2ACD60A9000DB00E /* BComX-1 Example Project.app */;
			productType = "com.apple.product-type.application";
		};
/* End PBXNativeTarget section */

/* Begin PBXProject section */
		3E1039A42ACD60A9000DB00E /* Project object */ = {
			isa = PBXProject;
			attributes = {
				BuildIndependentTargetsInParallel = 1;
				LastSwiftUpdateCheck = 1420;
				LastUpgradeCheck = 1420;
				TargetAttributes = {
					3E1039AB2ACD60A9000DB00E = {
						CreatedOnToolsVersion = 14.2;
					};
				};
			};
			buildConfigurationList = 3E1039A72ACD60A9000DB00E /* Build configuration list for PBXProject "BComX-1 Example Project" */;
			compatibilityVersion = "Xcode 14.0";
			developmentRegion = en;
			hasScannedForEncodings = 0;
			knownRegions = (
				en,
				Base,
			);
			mainGroup = 3E1039A32ACD60A9000DB00E;
			productRefGroup = 3E1039AD2ACD60A9000DB00E /* Products */;
			projectDirPath = "";
			projectRoot = "";
			targets = (
				3E1039AB2ACD60A9000DB00E /* BComX-1 Example Project */,
			);
		};
/* End PBXProject section */

/* Begin PBXResourcesBuildPhase section */
		3E1039AA2ACD60A9000DB00E /* Resources */ = {
			isa = PBXResourcesBuildPhase;
			buildActionMask = 2147483647;
			files = (
				3E1039B72ACD60AB000DB00E /* Preview Assets.xcassets in Resources */,
				3E1039B42ACD60AB000DB00E /* Assets.xcassets in Resources */,
			);
			runOnlyForDeploymentPostprocessing = 0;
		};
/* End PBXResourcesBuildPhase section */

/* Begin PBXSourcesBuildPhase section */
		3E1039A82ACD60A9000DB00E /* Sources */ = {
			isa = PBXSourcesBuildPhase;
			buildActionMask = 2147483647;
			files = (
				3E3D91E82ACD6F7000B08707 /* GenerateJokeView.swift in Sources */,
				3E1039B22ACD60A9000DB00E /* ContentView.swift in Sources */,
				3E12FA232AD050DA006E3404 /* TodoError.swift in Sources */,
				3E12FA1E2AD02B43006E3404 /* TodoListView.swift in Sources */,
				3E12FA202AD03176006E3404 /* AddNewTodoView.swift in Sources */,
				3E1039C72ACD6855000DB00E /* SubjectView.swift in Sources */,
				3E1039C32ACD6135000DB00E /* UserViewModel.swift in Sources */,
				3E1039B02ACD60A9000DB00E /* BComX_1_Example_ProjectApp.swift in Sources */,
				3E1039C12ACD6115000DB00E /* User.swift in Sources */,
				3E3D91ED2ACD718C00B08707 /* Joke.swift in Sources */,
				3E3D91EB2ACD6FC400B08707 /* JokeManager.swift in Sources */,
				3E12FA252AD0613A006E3404 /* TodoView.swift in Sources */,
				3E12FA1C2AD02A18006E3404 /* TodoViewModel.swift in Sources */,
				3E12FA1A2AD029E9006E3404 /* Todo.swift in Sources */,
				3E12FA272AD07A63006E3404 /* SharingObjectDataExampleView.swift in Sources */,
			);
			runOnlyForDeploymentPostprocessing = 0;
		};
/* End PBXSourcesBuildPhase section */

/* Begin XCBuildConfiguration section */
		3E1039B82ACD60AB000DB00E /* Debug */ = {
			isa = XCBuildConfiguration;
			buildSettings = {
				ALWAYS_SEARCH_USER_PATHS = NO;
				CLANG_ANALYZER_NONNULL = YES;
				CLANG_ANALYZER_NUMBER_OBJECT_CONVERSION = YES_AGGRESSIVE;
				CLANG_CXX_LANGUAGE_STANDARD = "gnu++20";
				CLANG_ENABLE_MODULES = YES;
				CLANG_ENABLE_OBJC_ARC = YES;
				CLANG_ENABLE_OBJC_WEAK = YES;
				CLANG_WARN_BLOCK_CAPTURE_AUTORELEASING = YES;
				CLANG_WARN_BOOL_CONVERSION = YES;
				CLANG_WARN_COMMA = YES;
				CLANG_WARN_CONSTANT_CONVERSION = YES;
				CLANG_WARN_DEPRECATED_OBJC_IMPLEMENTATIONS = YES;
				CLANG_WARN_DIRECT_OBJC_ISA_USAGE = YES_ERROR;
				CLANG_WARN_DOCUMENTATION_COMMENTS = YES;
				CLANG_WARN_EMPTY_BODY = YES;
				CLANG_WARN_ENUM_CONVERSION = YES;
				CLANG_WARN_INFINITE_RECURSION = YES;
				CLANG_WARN_INT_CONVERSION = YES;
				CLANG_WARN_NON_LITERAL_NULL_CONVERSION = YES;
				CLANG_WARN_OBJC_IMPLICIT_RETAIN_SELF = YES;
				CLANG_WARN_OBJC_LITERAL_CONVERSION = YES;
				CLANG_WARN_OBJC_ROOT_CLASS = YES_ERROR;
				CLANG_WARN_QUOTED_INCLUDE_IN_FRAMEWORK_HEADER = YES;
				CLANG_WARN_RANGE_LOOP_ANALYSIS = YES;
				CLANG_WARN_STRICT_PROTOTYPES = YES;
				CLANG_WARN_SUSPICIOUS_MOVE = YES;
				CLANG_WARN_UNGUARDED_AVAILABILITY = YES_AGGRESSIVE;
				CLANG_WARN_UNREACHABLE_CODE = YES;
				CLANG_WARN__DUPLICATE_METHOD_MATCH = YES;
				COPY_PHASE_STRIP = NO;
				DEBUG_INFORMATION_FORMAT = dwarf;
				ENABLE_STRICT_OBJC_MSGSEND = YES;
				ENABLE_TESTABILITY = YES;
				GCC_C_LANGUAGE_STANDARD = gnu11;
				GCC_DYNAMIC_NO_PIC = NO;
				GCC_NO_COMMON_BLOCKS = YES;
				GCC_OPTIMIZATION_LEVEL = 0;
				GCC_PREPROCESSOR_DEFINITIONS = (
					"DEBUG=1",
					"$(inherited)",
				);
				GCC_WARN_64_TO_32_BIT_CONVERSION = YES;
				GCC_WARN_ABOUT_RETURN_TYPE = YES_ERROR;
				GCC_WARN_UNDECLARED_SELECTOR = YES;
				GCC_WARN_UNINITIALIZED_AUTOS = YES_AGGRESSIVE;
				GCC_WARN_UNUSED_FUNCTION = YES;
				GCC_WARN_UNUSED_VARIABLE = YES;
				IPHONEOS_DEPLOYMENT_TARGET = 16.2;
				MTL_ENABLE_DEBUG_INFO = INCLUDE_SOURCE;
				MTL_FAST_MATH = YES;
				ONLY_ACTIVE_ARCH = YES;
				SDKROOT = iphoneos;
				SWIFT_ACTIVE_COMPILATION_CONDITIONS = DEBUG;
				SWIFT_OPTIMIZATION_LEVEL = "-Onone";
			};
			name = Debug;
		};
		3E1039B92ACD60AB000DB00E /* Release */ = {
			isa = XCBuildConfiguration;
			buildSettings = {
				ALWAYS_SEARCH_USER_PATHS = NO;
				CLANG_ANALYZER_NONNULL = YES;
				CLANG_ANALYZER_NUMBER_OBJECT_CONVERSION = YES_AGGRESSIVE;
				CLANG_CXX_LANGUAGE_STANDARD = "gnu++20";
				CLANG_ENABLE_MODULES = YES;
				CLANG_ENABLE_OBJC_ARC = YES;
				CLANG_ENABLE_OBJC_WEAK = YES;
				CLANG_WARN_BLOCK_CAPTURE_AUTORELEASING = YES;
				CLANG_WARN_BOOL_CONVERSION = YES;
				CLANG_WARN_COMMA = YES;
				CLANG_WARN_CONSTANT_CONVERSION = YES;
				CLANG_WARN_DEPRECATED_OBJC_IMPLEMENTATIONS = YES;
				CLANG_WARN_DIRECT_OBJC_ISA_USAGE = YES_ERROR;
				CLANG_WARN_DOCUMENTATION_COMMENTS = YES;
				CLANG_WARN_EMPTY_BODY = YES;
				CLANG_WARN_ENUM_CONVERSION = YES;
				CLANG_WARN_INFINITE_RECURSION = YES;
				CLANG_WARN_INT_CONVERSION = YES;
				CLANG_WARN_NON_LITERAL_NULL_CONVERSION = YES;
				CLANG_WARN_OBJC_IMPLICIT_RETAIN_SELF = YES;
				CLANG_WARN_OBJC_LITERAL_CONVERSION = YES;
				CLANG_WARN_OBJC_ROOT_CLASS = YES_ERROR;
				CLANG_WARN_QUOTED_INCLUDE_IN_FRAMEWORK_HEADER = YES;
				CLANG_WARN_RANGE_LOOP_ANALYSIS = YES;
				CLANG_WARN_STRICT_PROTOTYPES = YES;
				CLANG_WARN_SUSPICIOUS_MOVE = YES;
				CLANG_WARN_UNGUARDED_AVAILABILITY = YES_AGGRESSIVE;
				CLANG_WARN_UNREACHABLE_CODE = YES;
				CLANG_WARN__DUPLICATE_METHOD_MATCH = YES;
				COPY_PHASE_STRIP = NO;
				DEBUG_INFORMATION_FORMAT = "dwarf-with-dsym";
				ENABLE_NS_ASSERTIONS = NO;
				ENABLE_STRICT_OBJC_MSGSEND = YES;
				GCC_C_LANGUAGE_STANDARD = gnu11;
				GCC_NO_COMMON_BLOCKS = YES;
				GCC_WARN_64_TO_32_BIT_CONVERSION = YES;
				GCC_WARN_ABOUT_RETURN_TYPE = YES_ERROR;
				GCC_WARN_UNDECLARED_SELECTOR = YES;
				GCC_WARN_UNINITIALIZED_AUTOS = YES_AGGRESSIVE;
				GCC_WARN_UNUSED_FUNCTION = YES;
				GCC_WARN_UNUSED_VARIABLE = YES;
				IPHONEOS_DEPLOYMENT_TARGET = 16.2;
				MTL_ENABLE_DEBUG_INFO = NO;
				MTL_FAST_MATH = YES;
				SDKROOT = iphoneos;
				SWIFT_COMPILATION_MODE = wholemodule;
				SWIFT_OPTIMIZATION_LEVEL = "-O";
				VALIDATE_PRODUCT = YES;
			};
			name = Release;
		};
		3E1039BB2ACD60AB000DB00E /* Debug */ = {
			isa = XCBuildConfiguration;
			buildSettings = {
				ASSETCATALOG_COMPILER_APPICON_NAME = AppIcon;
				ASSETCATALOG_COMPILER_GLOBAL_ACCENT_COLOR_NAME = AccentColor;
				CODE_SIGN_STYLE = Automatic;
				CURRENT_PROJECT_VERSION = 1;
				DEVELOPMENT_ASSET_PATHS = "\"BComX-1 Example Project/Preview Content\"";
				DEVELOPMENT_TEAM = Q39DSUR7BS;
				ENABLE_PREVIEWS = YES;
				GENERATE_INFOPLIST_FILE = YES;
				INFOPLIST_KEY_UIApplicationSceneManifest_Generation = YES;
				INFOPLIST_KEY_UIApplicationSupportsIndirectInputEvents = YES;
				INFOPLIST_KEY_UILaunchScreen_Generation = YES;
				INFOPLIST_KEY_UISupportedInterfaceOrientations_iPad = "UIInterfaceOrientationPortrait UIInterfaceOrientationPortraitUpsideDown UIInterfaceOrientationLandscapeLeft UIInterfaceOrientationLandscapeRight";
				INFOPLIST_KEY_UISupportedInterfaceOrientations_iPhone = "UIInterfaceOrientationPortrait UIInterfaceOrientationLandscapeLeft UIInterfaceOrientationLandscapeRight";
				LD_RUNPATH_SEARCH_PATHS = (
					"$(inherited)",
					"@executable_path/Frameworks",
				);
				MARKETING_VERSION = 1.0;
				PRODUCT_BUNDLE_IDENTIFIER = "com.eton.itsmc.BComX-1-Example-Project";
				PRODUCT_NAME = "$(TARGET_NAME)";
				SWIFT_EMIT_LOC_STRINGS = YES;
				SWIFT_VERSION = 5.0;
				TARGETED_DEVICE_FAMILY = "1,2";
			};
			name = Debug;
		};
		3E1039BC2ACD60AB000DB00E /* Release */ = {
			isa = XCBuildConfiguration;
			buildSettings = {
				ASSETCATALOG_COMPILER_APPICON_NAME = AppIcon;
				ASSETCATALOG_COMPILER_GLOBAL_ACCENT_COLOR_NAME = AccentColor;
				CODE_SIGN_STYLE = Automatic;
				CURRENT_PROJECT_VERSION = 1;
				DEVELOPMENT_ASSET_PATHS = "\"BComX-1 Example Project/Preview Content\"";
				DEVELOPMENT_TEAM = Q39DSUR7BS;
				ENABLE_PREVIEWS = YES;
				GENERATE_INFOPLIST_FILE = YES;
				INFOPLIST_KEY_UIApplicationSceneManifest_Generation = YES;
				INFOPLIST_KEY_UIApplicationSupportsIndirectInputEvents = YES;
				INFOPLIST_KEY_UILaunchScreen_Generation = YES;
				INFOPLIST_KEY_UISupportedInterfaceOrientations_iPad = "UIInterfaceOrientationPortrait UIInterfaceOrientationPortraitUpsideDown UIInterfaceOrientationLandscapeLeft UIInterfaceOrientationLandscapeRight";
				INFOPLIST_KEY_UISupportedInterfaceOrientations_iPhone = "UIInterfaceOrientationPortrait UIInterfaceOrientationLandscapeLeft UIInterfaceOrientationLandscapeRight";
				LD_RUNPATH_SEARCH_PATHS = (
					"$(inherited)",
					"@executable_path/Frameworks",
				);
				MARKETING_VERSION = 1.0;
				PRODUCT_BUNDLE_IDENTIFIER = "com.eton.itsmc.BComX-1-Example-Project";
				PRODUCT_NAME = "$(TARGET_NAME)";
				SWIFT_EMIT_LOC_STRINGS = YES;
				SWIFT_VERSION = 5.0;
				TARGETED_DEVICE_FAMILY = "1,2";
			};
			name = Release;
		};
/* End XCBuildConfiguration section */

/* Begin XCConfigurationList section */
		3E1039A72ACD60A9000DB00E /* Build configuration list for PBXProject "BComX-1 Example Project" */ = {
			isa = XCConfigurationList;
			buildConfigurations = (
				3E1039B82ACD60AB000DB00E /* Debug */,
				3E1039B92ACD60AB000DB00E /* Release */,
			);
			defaultConfigurationIsVisible = 0;
			defaultConfigurationName = Release;
		};
		3E1039BA2ACD60AB000DB00E /* Build configuration list for PBXNativeTarget "BComX-1 Example Project" */ = {
			isa = XCConfigurationList;
			buildConfigurations = (
				3E1039BB2ACD60AB000DB00E /* Debug */,
				3E1039BC2ACD60AB000DB00E /* Release */,
			);
			defaultConfigurationIsVisible = 0;
			defaultConfigurationName = Release;
		};
/* End XCConfigurationList section */
	};
	rootObject = 3E1039A42ACD60A9000DB00E /* Project object */;
}
